{
  "name": "lyuseria",
  "version": "1.0.0",
  "lockfileVersion": 3,
  "requires": true,
  "packages": {
    "": {
      "name": "lyuseria",
      "version": "1.0.0",
      "license": "ISC",
      "dependencies": {
        "@minecraft/server": "^2.6.0"
      }
    },
    "node_modules/@minecraft/common": {
      "version": "1.2.0",
      "resolved": "https://registry.npmjs.org/@minecraft/common/-/common-1.2.0.tgz",
      "integrity": "sha512-JdmEq4P3Z/FtoBzhLijFgMSVFnFRrUoLwY8DHHrgtFo0mfLTOLTB1RErYjLMsA6b7BGVNxkX/pfFRiH7QZ0XwQ==",
      "license": "MIT",
      "peer": true
    },
    "node_modules/@minecraft/server": {
      "version": "2.6.0",
      "resolved": "https://registry.npmjs.org/@minecraft/server/-/server-2.6.0.tgz",
      "integrity": "sha512-/l1gbUHcTl/3gb3cB7Ilb8pfW1QytoAc+iMXUPSzvv8cxGluf6M635jl29P8Bid3iVmUB9hWyCUZtRUVVlk5ew==",
      "license": "MIT",
      "peerDependencies": {
        "@minecraft/common": "^1.2.0",
        "@minecraft/vanilla-data": ">=1.20.70"
      }
    },
    "node_modules/@minecraft/vanilla-data": {
      "version": "1.26.10",
      "resolved": "https://registry.npmjs.org/@minecraft/vanilla-data/-/vanilla-data-1.26.10.tgz",
      "integrity": "sha512-MViGntJ2xc+1eVDEBNBTFpIZ2kg2ygnOUR2aBqn7WzxuBYKda4eBEruDCGLuctgdqleebzqAdBPSndQ/z27cJA==",
      "license": "MIT",
      "peer": true
    }
  }
}
